// !$*UTF8*$!
{
	archiveVersion = 1;
	classes = {
	};
	objectVersion = 77;
	objects = {

/* Begin PBXContainerItemProxy section */
		270E12D42D7F24EC007E4325 /* PBXContainerItemProxy */ = {
			isa = PBXContainerItemProxy;
			containerPortal = 270E12BA2D7F24EB007E4325 /* Project object */;
			proxyType = 1;
			remoteGlobalIDString = 270E12C12D7F24EB007E4325;
			remoteInfo = CameraStatus;
		};
		270E12DE2D7F24EC007E4325 /* PBXContainerItemProxy */ = {
			isa = PBXContainerItemProxy;
			containerPortal = 270E12BA2D7F24EB007E4325 /* Project object */;
			proxyType = 1;
			remoteGlobalIDString = 270E12C12D7F24EB007E4325;
			remoteInfo = CameraStatus;
		};
/* End PBXContainerItemProxy section */

/* Begin PBXFileReference section */
		270E12C22D7F24EB007E4325 /* CameraStatus.app */ = {isa = PBXFileReference; explicitFileType = wrapper.application; includeInIndex = 0; path = CameraStatus.app; sourceTree = BUILT_PRODUCTS_DIR; };
		270E12D32D7F24EC007E4325 /* CameraStatusTests.xctest */ = {isa = PBXFileReference; explicitFileType = wrapper.cfbundle; includeInIndex = 0; path = CameraStatusTests.xctest; sourceTree = BUILT_PRODUCTS_DIR; };
		270E12DD2D7F24EC007E4325 /* CameraStatusUITests.xctest */ = {isa = PBXFileReference; explicitFileType = wrapper.cfbundle; includeInIndex = 0; path = CameraStatusUITests.xctest; sourceTree = BUILT_PRODUCTS_DIR; };
/* End PBXFileReference section */

/* Begin PBXFileSystemSynchronizedRootGroup section */
		270E12C42D7F24EB007E4325 /* CameraStatus */ = {
			isa = PBXFileSystemSynchronizedRootGroup;
			path = CameraStatus;
			sourceTree = "<group>";
		};
		270E12D62D7F24EC007E4325 /* CameraStatusTests */ = {
			isa = PBXFileSystemSynchronizedRootGroup;
			path = CameraStatusTests;
			sourceTree = "<group>";
		};
		270E12E02D7F24EC007E4325 /* CameraStatusUITests */ = {
			isa = PBXFileSystemSynchronizedRootGroup;
			path = CameraStatusUITests;
			sourceTree = "<group>";
		};
/* End PBXFileSystemSynchronizedRootGroup section */

/* Begin PBXFrameworksBuildPhase section */
		270E12BF2D7F24EB007E4325 /* Frameworks */ = {
			isa = PBXFrameworksBuildPhase;
			buildActionMask = 2147483647;
			files = (
			);
			runOnlyForDeploymentPostprocessing = 0;
		};
		270E12D02D7F24EC007E4325 /* Frameworks */ = {
			isa = PBXFrameworksBuildPhase;
			buildActionMask = 2147483647;
			files = (
			);
			runOnlyForDeploymentPostprocessing = 0;
		};
		270E12DA2D7F24EC007E4325 /* Frameworks */ = {
			isa = PBXFrameworksBuildPhase;
			buildActionMask = 2147483647;
			files = (
			);
			runOnlyForDeploymentPostprocessing = 0;
		};
/* End PBXFrameworksBuildPhase section */

/* Begin PBXGroup section */
		270E12B92D7F24EB007E4325 = {
			isa = PBXGroup;
			children = (
				270E12C42D7F24EB007E4325 /* CameraStatus */,
				270E12D62D7F24EC007E4325 /* CameraStatusTests */,
				270E12E02D7F24EC007E4325 /* CameraStatusUITests */,
				270E12C32D7F24EB007E4325 /* Products */,
			);
			sourceTree = "<group>";
		};
		270E12C32D7F24EB007E4325 /* Products */ = {
			isa = PBXGroup;
			children = (
				270E12C22D7F24EB007E4325 /* CameraStatus.app */,
				270E12D32D7F24EC007E4325 /* CameraStatusTests.xctest */,
				270E12DD2D7F24EC007E4325 /* CameraStatusUITests.xctest */,
			);
			name = Products;
			sourceTree = "<group>";
		};
/* End PBXGroup section */

/* Begin PBXNativeTarget section */
		270E12C12D7F24EB007E4325 /* CameraStatus */ = {
			isa = PBXNativeTarget;
			buildConfigurationList = 270E12E72D7F24EC007E4325 /* Build configuration list for PBXNativeTarget "CameraStatus" */;
			buildPhases = (
				270E12BE2D7F24EB007E4325 /* Sources */,
				270E12BF2D7F24EB007E4325 /* Frameworks */,
				270E12C02D7F24EB007E4325 /* Resources */,
			);
			buildRules = (
			);
			dependencies = (
			);
			fileSystemSynchronizedGroups = (
				270E12C42D7F24EB007E4325 /* CameraStatus */,
			);
			name = CameraStatus;
			packageProductDependencies = (
			);
			productName = CameraStatus;
			productReference = 270E12C22D7F24EB007E4325 /* CameraStatus.app */;
			productType = "com.apple.product-type.application";
		};
		270E12D22D7F24EC007E4325 /* CameraStatusTests */ = {
			isa = PBXNativeTarget;
			buildConfigurationList = 270E12EA2D7F24EC007E4325 /* Build configuration list for PBXNativeTarget "CameraStatusTests" */;
			buildPhases = (
				270E12CF2D7F24EC007E4325 /* Sources */,
				270E12D02D7F24EC007E4325 /* Frameworks */,
				270E12D12D7F24EC007E4325 /* Resources */,
			);
			buildRules = (
			);
			dependencies = (
				270E12D52D7F24EC007E4325 /* PBXTargetDependency */,
			);
			fileSystemSynchronizedGroups = (
				270E12D62D7F24EC007E4325 /* CameraStatusTests */,
			);
			name = CameraStatusTests;
			packageProductDependencies = (
			);
			productName = CameraStatusTests;
			productReference = 270E12D32D7F24EC007E4325 /* CameraStatusTests.xctest */;
			productType = "com.apple.product-type.bundle.unit-test";
		};
		270E12DC2D7F24EC007E4325 /* CameraStatusUITests */ = {
			isa = PBXNativeTarget;
			buildConfigurationList = 270E12ED2D7F24EC007E4325 /* Build configuration list for PBXNativeTarget "CameraStatusUITests" */;
			buildPhases = (
				270E12D92D7F24EC007E4325 /* Sources */,
				270E12DA2D7F24EC007E4325 /* Frameworks */,
				270E12DB2D7F24EC007E4325 /* Resources */,
			);
			buildRules = (
			);
			dependencies = (
				270E12DF2D7F24EC007E4325 /* PBXTargetDependency */,
			);
			fileSystemSynchronizedGroups = (
				270E12E02D7F24EC007E4325 /* CameraStatusUITests */,
			);
			name = CameraStatusUITests;
			packageProductDependencies = (
			);
			productName = CameraStatusUITests;
			productReference = 270E12DD2D7F24EC007E4325 /* CameraStatusUITests.xctest */;
			productType = "com.apple.product-type.bundle.ui-testing";
		};
/* End PBXNativeTarget section */

/* Begin PBXProject section */
		270E12BA2D7F24EB007E4325 /* Project object */ = {
			isa = PBXProject;
			attributes = {
				BuildIndependentTargetsInParallel = 1;
				LastSwiftUpdateCheck = 1620;
				LastUpgradeCheck = 1620;
				TargetAttributes = {
					270E12C12D7F24EB007E4325 = {
						CreatedOnToolsVersion = 16.2;
					};
					270E12D22D7F24EC007E4325 = {
						CreatedOnToolsVersion = 16.2;
						TestTargetID = 270E12C12D7F24EB007E4325;
					};
					270E12DC2D7F24EC007E4325 = {
						CreatedOnToolsVersion = 16.2;
						TestTargetID = 270E12C12D7F24EB007E4325;
					};
				};
			};
			buildConfigurationList = 270E12BD2D7F24EB007E4325 /* Build configuration list for PBXProject "CameraStatus" */;
			developmentRegion = en;
			hasScannedForEncodings = 0;
			knownRegions = (
				en,
				Base,
			);
			mainGroup = 270E12B92D7F24EB007E4325;
			minimizedProjectReferenceProxies = 1;
			preferredProjectObjectVersion = 77;
			productRefGroup = 270E12C32D7F24EB007E4325 /* Products */;
			projectDirPath = "";
			projectRoot = "";
			targets = (
				270E12C12D7F24EB007E4325 /* CameraStatus */,
				270E12D22D7F24EC007E4325 /* CameraStatusTests */,
				270E12DC2D7F24EC007E4325 /* CameraStatusUITests */,
			);
		};
/* End PBXProject section */

/* Begin PBXResourcesBuildPhase section */
		270E12C02D7F24EB007E4325 /* Resources */ = {
			isa = PBXResourcesBuildPhase;
			buildActionMask = 2147483647;
			files = (
			);
			runOnlyForDeploymentPostprocessing = 0;
		};
		270E12D12D7F24EC007E4325 /* Resources */ = {
			isa = PBXResourcesBuildPhase;
			buildActionMask = 2147483647;
			files = (
			);
			runOnlyForDeploymentPostprocessing = 0;
		};
		270E12DB2D7F24EC007E4325 /* Resources */ = {
			isa = PBXResourcesBuildPhase;
			buildActionMask = 2147483647;
			files = (
			);
			runOnlyForDeploymentPostprocessing = 0;
		};
/* End PBXResourcesBuildPhase section */

/* Begin PBXSourcesBuildPhase section */
		270E12BE2D7F24EB007E4325 /* Sources */ = {
			isa = PBXSourcesBuildPhase;
			buildActionMask = 2147483647;
			files = (
			);
			runOnlyForDeploymentPostprocessing = 0;
		};
		270E12CF2D7F24EC007E4325 /* Sources */ = {
			isa = PBXSourcesBuildPhase;
			buildActionMask = 2147483647;
			files = (
			);
			runOnlyForDeploymentPostprocessing = 0;
		};
		270E12D92D7F24EC007E4325 /* Sources */ = {
			isa = PBXSourcesBuildPhase;
			buildActionMask = 2147483647;
			files = (
			);
			runOnlyForDeploymentPostprocessing = 0;
		};
/* End PBXSourcesBuildPhase section */

/* Begin PBXTargetDependency section */
		270E12D52D7F24EC007E4325 /* PBXTargetDependency */ = {
			isa = PBXTargetDependency;
			target = 270E12C12D7F24EB007E4325 /* CameraStatus */;
			targetProxy = 270E12D42D7F24EC007E4325 /* PBXContainerItemProxy */;
		};
		270E12DF2D7F24EC007E4325 /* PBXTargetDependency */ = {
			isa = PBXTargetDependency;
			target = 270E12C12D7F24EB007E4325 /* CameraStatus */;
			targetProxy = 270E12DE2D7F24EC007E4325 /* PBXContainerItemProxy */;
		};
/* End PBXTargetDependency section */

/* Begin XCBuildConfiguration section */
		270E12E52D7F24EC007E4325 /* Debug */ = {
			isa = XCBuildConfiguration;
			buildSettings = {
				ALWAYS_SEARCH_USER_PATHS = NO;
				ASSETCATALOG_COMPILER_GENERATE_SWIFT_ASSET_SYMBOL_EXTENSIONS = YES;
				CLANG_ANALYZER_NONNULL = YES;
				CLANG_ANALYZER_NUMBER_OBJECT_CONVERSION = YES_AGGRESSIVE;
				CLANG_CXX_LANGUAGE_STANDARD = "gnu++20";
				CLANG_ENABLE_MODULES = YES;
				CLANG_ENABLE_OBJC_ARC = YES;
				CLANG_ENABLE_OBJC_WEAK = YES;
				CLANG_WARN_BLOCK_CAPTURE_AUTORELEASING = YES;
				CLANG_WARN_BOOL_CONVERSION = YES;
				CLANG_WARN_COMMA = YES;
				CLANG_WARN_CONSTANT_CONVERSION = YES;
				CLANG_WARN_DEPRECATED_OBJC_IMPLEMENTATIONS = YES;
				CLANG_WARN_DIRECT_OBJC_ISA_USAGE = YES_ERROR;
				CLANG_WARN_DOCUMENTATION_COMMENTS = YES;
				CLANG_WARN_EMPTY_BODY = YES;
				CLANG_WARN_ENUM_CONVERSION = YES;
				CLANG_WARN_INFINITE_RECURSION = YES;
				CLANG_WARN_INT_CONVERSION = YES;
				CLANG_WARN_NON_LITERAL_NULL_CONVERSION = YES;
				CLANG_WARN_OBJC_IMPLICIT_RETAIN_SELF = YES;
				CLANG_WARN_OBJC_LITERAL_CONVERSION = YES;
				CLANG_WARN_OBJC_ROOT_CLASS = YES_ERROR;
				CLANG_WARN_QUOTED_INCLUDE_IN_FRAMEWORK_HEADER = YES;
				CLANG_WARN_RANGE_LOOP_ANALYSIS = YES;
				CLANG_WARN_STRICT_PROTOTYPES = YES;
				CLANG_WARN_SUSPICIOUS_MOVE = YES;
				CLANG_WARN_UNGUARDED_AVAILABILITY = YES_AGGRESSIVE;
				CLANG_WARN_UNREACHABLE_CODE = YES;
				CLANG_WARN__DUPLICATE_METHOD_MATCH = YES;
				COPY_PHASE_STRIP = NO;
				DEBUG_INFORMATION_FORMAT = dwarf;
				ENABLE_STRICT_OBJC_MSGSEND = YES;
				ENABLE_TESTABILITY = YES;
				ENABLE_USER_SCRIPT_SANDBOXING = YES;
				GCC_C_LANGUAGE_STANDARD = gnu17;
				GCC_DYNAMIC_NO_PIC = NO;
				GCC_NO_COMMON_BLOCKS = YES;
				GCC_OPTIMIZATION_LEVEL = 0;
				GCC_PREPROCESSOR_DEFINITIONS = (
					"DEBUG=1",
					"$(inherited)",
				);
				GCC_WARN_64_TO_32_BIT_CONVERSION = YES;
				GCC_WARN_ABOUT_RETURN_TYPE = YES_ERROR;
				GCC_WARN_UNDECLARED_SELECTOR = YES;
				GCC_WARN_UNINITIALIZED_AUTOS = YES_AGGRESSIVE;
				GCC_WARN_UNUSED_FUNCTION = YES;
				GCC_WARN_UNUSED_VARIABLE = YES;
				LOCALIZATION_PREFERS_STRING_CATALOGS = YES;
				MACOSX_DEPLOYMENT_TARGET = 15.2;
				MTL_ENABLE_DEBUG_INFO = INCLUDE_SOURCE;
				MTL_FAST_MATH = YES;
				ONLY_ACTIVE_ARCH = YES;
				SDKROOT = macosx;
				SWIFT_ACTIVE_COMPILATION_CONDITIONS = "DEBUG $(inherited)";
				SWIFT_OPTIMIZATION_LEVEL = "-Onone";
			};
			name = Debug;
		};
		270E12E62D7F24EC007E4325 /* Release */ = {
			isa = XCBuildConfiguration;
			buildSettings = {
				ALWAYS_SEARCH_USER_PATHS = NO;
				ASSETCATALOG_COMPILER_GENERATE_SWIFT_ASSET_SYMBOL_EXTENSIONS = YES;
				CLANG_ANALYZER_NONNULL = YES;
				CLANG_ANALYZER_NUMBER_OBJECT_CONVERSION = YES_AGGRESSIVE;
				CLANG_CXX_LANGUAGE_STANDARD = "gnu++20";
				CLANG_ENABLE_MODULES = YES;
				CLANG_ENABLE_OBJC_ARC = YES;
				CLANG_ENABLE_OBJC_WEAK = YES;
				CLANG_WARN_BLOCK_CAPTURE_AUTORELEASING = YES;
				CLANG_WARN_BOOL_CONVERSION = YES;
				CLANG_WARN_COMMA = YES;
				CLANG_WARN_CONSTANT_CONVERSION = YES;
				CLANG_WARN_DEPRECATED_OBJC_IMPLEMENTATIONS = YES;
				CLANG_WARN_DIRECT_OBJC_ISA_USAGE = YES_ERROR;
				CLANG_WARN_DOCUMENTATION_COMMENTS = YES;
				CLANG_WARN_EMPTY_BODY = YES;
				CLANG_WARN_ENUM_CONVERSION = YES;
				CLANG_WARN_INFINITE_RECURSION = YES;
				CLANG_WARN_INT_CONVERSION = YES;
				CLANG_WARN_NON_LITERAL_NULL_CONVERSION = YES;
				CLANG_WARN_OBJC_IMPLICIT_RETAIN_SELF = YES;
				CLANG_WARN_OBJC_LITERAL_CONVERSION = YES;
				CLANG_WARN_OBJC_ROOT_CLASS = YES_ERROR;
				CLANG_WARN_QUOTED_INCLUDE_IN_FRAMEWORK_HEADER = YES;
				CLANG_WARN_RANGE_LOOP_ANALYSIS = YES;
				CLANG_WARN_STRICT_PROTOTYPES = YES;
				CLANG_WARN_SUSPICIOUS_MOVE = YES;
				CLANG_WARN_UNGUARDED_AVAILABILITY = YES_AGGRESSIVE;
				CLANG_WARN_UNREACHABLE_CODE = YES;
				CLANG_WARN__DUPLICATE_METHOD_MATCH = YES;
				COPY_PHASE_STRIP = NO;
				DEBUG_INFORMATION_FORMAT = "dwarf-with-dsym";
				ENABLE_NS_ASSERTIONS = NO;
				ENABLE_STRICT_OBJC_MSGSEND = YES;
				ENABLE_USER_SCRIPT_SANDBOXING = YES;
				GCC_C_LANGUAGE_STANDARD = gnu17;
				GCC_NO_COMMON_BLOCKS = YES;
				GCC_WARN_64_TO_32_BIT_CONVERSION = YES;
				GCC_WARN_ABOUT_RETURN_TYPE = YES_ERROR;
				GCC_WARN_UNDECLARED_SELECTOR = YES;
				GCC_WARN_UNINITIALIZED_AUTOS = YES_AGGRESSIVE;
				GCC_WARN_UNUSED_FUNCTION = YES;
				GCC_WARN_UNUSED_VARIABLE = YES;
				LOCALIZATION_PREFERS_STRING_CATALOGS = YES;
				MACOSX_DEPLOYMENT_TARGET = 15.2;
				MTL_ENABLE_DEBUG_INFO = NO;
				MTL_FAST_MATH = YES;
				SDKROOT = macosx;
				SWIFT_COMPILATION_MODE = wholemodule;
			};
			name = Release;
		};
		270E12E82D7F24EC007E4325 /* Debug */ = {
			isa = XCBuildConfiguration;
			buildSettings = {
				ASSETCATALOG_COMPILER_APPICON_NAME = AppIcon;
				ASSETCATALOG_COMPILER_GLOBAL_ACCENT_COLOR_NAME = AccentColor;
				CODE_SIGN_ENTITLEMENTS = CameraStatus/CameraStatus.entitlements;
				CODE_SIGN_STYLE = Automatic;
				COMBINE_HIDPI_IMAGES = YES;
				CURRENT_PROJECT_VERSION = 1;
				DEVELOPMENT_ASSET_PATHS = "\"CameraStatus/Preview Content\"";
				ENABLE_PREVIEWS = YES;
				GENERATE_INFOPLIST_FILE = YES;
				INFOPLIST_KEY_NSHumanReadableCopyright = "";
				LD_RUNPATH_SEARCH_PATHS = (
					"$(inherited)",
					"@executable_path/../Frameworks",
				);
				MARKETING_VERSION = 1.0;
				PRODUCT_BUNDLE_IDENTIFIER = dev.fmosca.CameraStatus;
				PRODUCT_NAME = "$(TARGET_NAME)";
				SWIFT_EMIT_LOC_STRINGS = YES;
				SWIFT_VERSION = 5.0;
			};
			name = Debug;
		};
		270E12E92D7F24EC007E4325 /* Release */ = {
			isa = XCBuildConfiguration;
			buildSettings = {
				ASSETCATALOG_COMPILER_APPICON_NAME = AppIcon;
				ASSETCATALOG_COMPILER_GLOBAL_ACCENT_COLOR_NAME = AccentColor;
				CODE_SIGN_ENTITLEMENTS = CameraStatus/CameraStatus.entitlements;
				CODE_SIGN_STYLE = Automatic;
				COMBINE_HIDPI_IMAGES = YES;
				CURRENT_PROJECT_VERSION = 1;
				DEVELOPMENT_ASSET_PATHS = "\"CameraStatus/Preview Content\"";
				ENABLE_PREVIEWS = YES;
				GENERATE_INFOPLIST_FILE = YES;
				INFOPLIST_KEY_NSHumanReadableCopyright = "";
				LD_RUNPATH_SEARCH_PATHS = (
					"$(inherited)",
					"@executable_path/../Frameworks",
				);
				MARKETING_VERSION = 1.0;
				PRODUCT_BUNDLE_IDENTIFIER = dev.fmosca.CameraStatus;
				PRODUCT_NAME = "$(TARGET_NAME)";
				SWIFT_EMIT_LOC_STRINGS = YES;
				SWIFT_VERSION = 5.0;
			};
			name = Release;
		};
		270E12EB2D7F24EC007E4325 /* Debug */ = {
			isa = XCBuildConfiguration;
			buildSettings = {
				BUNDLE_LOADER = "$(TEST_HOST)";
				CODE_SIGN_STYLE = Automatic;
				CURRENT_PROJECT_VERSION = 1;
				GENERATE_INFOPLIST_FILE = YES;
				MACOSX_DEPLOYMENT_TARGET = 15.2;
				MARKETING_VERSION = 1.0;
				PRODUCT_BUNDLE_IDENTIFIER = dev.fmosca.CameraStatusTests;
				PRODUCT_NAME = "$(TARGET_NAME)";
				SWIFT_EMIT_LOC_STRINGS = NO;
				SWIFT_VERSION = 5.0;
				TEST_HOST = "$(BUILT_PRODUCTS_DIR)/CameraStatus.app/$(BUNDLE_EXECUTABLE_FOLDER_PATH)/CameraStatus";
			};
			name = Debug;
		};
		270E12EC2D7F24EC007E4325 /* Release */ = {
			isa = XCBuildConfiguration;
			buildSettings = {
				BUNDLE_LOADER = "$(TEST_HOST)";
				CODE_SIGN_STYLE = Automatic;
				CURRENT_PROJECT_VERSION = 1;
				GENERATE_INFOPLIST_FILE = YES;
				MACOSX_DEPLOYMENT_TARGET = 15.2;
				MARKETING_VERSION = 1.0;
				PRODUCT_BUNDLE_IDENTIFIER = dev.fmosca.CameraStatusTests;
				PRODUCT_NAME = "$(TARGET_NAME)";
				SWIFT_EMIT_LOC_STRINGS = NO;
				SWIFT_VERSION = 5.0;
				TEST_HOST = "$(BUILT_PRODUCTS_DIR)/CameraStatus.app/$(BUNDLE_EXECUTABLE_FOLDER_PATH)/CameraStatus";
			};
			name = Release;
		};
		270E12EE2D7F24EC007E4325 /* Debug */ = {
			isa = XCBuildConfiguration;
			buildSettings = {
				CODE_SIGN_STYLE = Automatic;
				CURRENT_PROJECT_VERSION = 1;
				GENERATE_INFOPLIST_FILE = YES;
				MARKETING_VERSION = 1.0;
				PRODUCT_BUNDLE_IDENTIFIER = dev.fmosca.CameraStatusUITests;
				PRODUCT_NAME = "$(TARGET_NAME)";
				SWIFT_EMIT_LOC_STRINGS = NO;
				SWIFT_VERSION = 5.0;
				TEST_TARGET_NAME = CameraStatus;
			};
			name = Debug;
		};
		270E12EF2D7F24EC007E4325 /* Release */ = {
			isa = XCBuildConfiguration;
			buildSettings = {
				CODE_SIGN_STYLE = Automatic;
				CURRENT_PROJECT_VERSION = 1;
				GENERATE_INFOPLIST_FILE = YES;
				MARKETING_VERSION = 1.0;
				PRODUCT_BUNDLE_IDENTIFIER = dev.fmosca.CameraStatusUITests;
				PRODUCT_NAME = "$(TARGET_NAME)";
				SWIFT_EMIT_LOC_STRINGS = NO;
				SWIFT_VERSION = 5.0;
				TEST_TARGET_NAME = CameraStatus;
			};
			name = Release;
		};
/* End XCBuildConfiguration section */

/* Begin XCConfigurationList section */
		270E12BD2D7F24EB007E4325 /* Build configuration list for PBXProject "CameraStatus" */ = {
			isa = XCConfigurationList;
			buildConfigurations = (
				270E12E52D7F24EC007E4325 /* Debug */,
				270E12E62D7F24EC007E4325 /* Release */,
			);
			defaultConfigurationIsVisible = 0;
			defaultConfigurationName = Release;
		};
		270E12E72D7F24EC007E4325 /* Build configuration list for PBXNativeTarget "CameraStatus" */ = {
			isa = XCConfigurationList;
			buildConfigurations = (
				270E12E82D7F24EC007E4325 /* Debug */,
				270E12E92D7F24EC007E4325 /* Release */,
			);
			defaultConfigurationIsVisible = 0;
			defaultConfigurationName = Release;
		};
		270E12EA2D7F24EC007E4325 /* Build configuration list for PBXNativeTarget "CameraStatusTests" */ = {
			isa = XCConfigurationList;
			buildConfigurations = (
				270E12EB2D7F24EC007E4325 /* Debug */,
				270E12EC2D7F24EC007E4325 /* Release */,
			);
			defaultConfigurationIsVisible = 0;
			defaultConfigurationName = Release;
		};
		270E12ED2D7F24EC007E4325 /* Build configuration list for PBXNativeTarget "CameraStatusUITests" */ = {
			isa = XCConfigurationList;
			buildConfigurations = (
				270E12EE2D7F24EC007E4325 /* Debug */,
				270E12EF2D7F24EC007E4325 /* Release */,
			);
			defaultConfigurationIsVisible = 0;
			defaultConfigurationName = Release;
		};
/* End XCConfigurationList section */
	};
	rootObject = 270E12BA2D7F24EB007E4325 /* Project object */;
}
